
Microsoft Visual Studio Solution File, Format Version 12.00
# Visual Studio 2013
VisualStudioVersion = 12.0.30723.0
MinimumVisualStudioVersion = 10.0.40219.1
Project("{FAE04EC0-301F-11D3-BF4B-00C04F79EFBC}") = "sample", "sample\sample.csproj", "{4FC1C9BF-53B9-487C-9A10-2CDC01E82F26}"
EndProject
Project("{FAE04EC0-301F-11D3-BF4B-00C04F79EFBC}") = "ReportModule", "ReportModule\ReportModule.csproj", "{F68EECE3-BB0C-4B92-A504-CEA55FCAF909}"
EndProject
Global
	GlobalSection(TeamFoundationVersionControl) = preSolution
		SccNumberOfProjects = 3
		SccEnterpriseProvider = {4CA58AB2-18FA-4F8D-95D4-32DDF27D184C}
		SccTeamFoundationServer = https://namechanger.visualstudio.com/defaultcollection
		SccLocalPath0 = .
		SccProjectUniqueName1 = ReportModule\\ReportModule.csproj
		SccProjectName1 = ReportModule
		SccLocalPath1 = ReportModule
		SccProjectUniqueName2 = sample\\sample.csproj
		SccProjectName2 = sample
		SccLocalPath2 = sample
	EndGlobalSection
	GlobalSection(SolutionConfigurationPlatforms) = preSolution
		Debug|Any CPU = Debug|Any CPU
		Release|Any CPU = Release|Any CPU
	EndGlobalSection
	GlobalSection(ProjectConfigurationPlatforms) = postSolution
		{4FC1C9BF-53B9-487C-9A10-2CDC01E82F26}.Debug|Any CPU.ActiveCfg = Debug|Any CPU
		{4FC1C9BF-53B9-487C-9A10-2CDC01E82F26}.Debug|Any CPU.Build.0 = Debug|Any CPU
		{4FC1C9BF-53B9-487C-9A10-2CDC01E82F26}.Release|Any CPU.ActiveCfg = Release|Any CPU
		{4FC1C9BF-53B9-487C-9A10-2CDC01E82F26}.Release|Any CPU.Build.0 = Release|Any CPU
		{F68EECE3-BB0C-4B92-A504-CEA55FCAF909}.Debug|Any CPU.ActiveCfg = Debug|Any CPU
		{F68EECE3-BB0C-4B92-A504-CEA55FCAF909}.Debug|Any CPU.Build.0 = Debug|Any CPU
		{F68EECE3-BB0C-4B92-A504-CEA55FCAF909}.Release|Any CPU.ActiveCfg = Release|Any CPU
		{F68EECE3-BB0C-4B92-A504-CEA55FCAF909}.Release|Any CPU.Build.0 = Release|Any CPU
	EndGlobalSection
	GlobalSection(SolutionProperties) = preSolution
		HideSolutionNode = FALSE
	EndGlobalSection
EndGlobal
